
Microsoft Visual Studio Solution File, Format Version 12.00
# Visual Studio Version 16
VisualStudioVersion = 16.0.31105.61
MinimumVisualStudioVersion = 10.0.40219.1
Project("{9A19103F-16F7-4668-BE54-9A1E7A4F7556}") = "DPSP Api", "DPSP Api.csproj", "{7DED70B7-01C1-4B61-A825-5D54CF1705F3}"
EndProject
Global
	GlobalSection(SolutionConfigurationPlatforms) = preSolution
		Debug|Any CPU = Debug|Any CPU
		Release|Any CPU = Release|Any CPU
	EndGlobalSection
	GlobalSection(ProjectConfigurationPlatforms) = postSolution
		{7DED70B7-01C1-4B61-A825-5D54CF1705F3}.Debug|Any CPU.ActiveCfg = Debug|Any CPU
		{7DED70B7-01C1-4B61-A825-5D54CF1705F3}.Debug|Any CPU.Build.0 = Debug|Any CPU
		{7DED70B7-01C1-4B61-A825-5D54CF1705F3}.Release|Any CPU.ActiveCfg = Release|Any CPU
		{7DED70B7-01C1-4B61-A825-5D54CF1705F3}.Release|Any CPU.Build.0 = Release|Any CPU
	EndGlobalSection
	GlobalSection(SolutionProperties) = preSolution
		HideSolutionNode = FALSE
	EndGlobalSection
	GlobalSection(ExtensibilityGlobals) = postSolution
		SolutionGuid = {E2DDE9DB-123A-4941-97C8-EF37B2D1140F}
	EndGlobalSection
EndGlobal
